
Microsoft Visual Studio Solution File, Format Version 12.00
# Visual Studio Version 16
VisualStudioVersion = 16.0.30804.86
MinimumVisualStudioVersion = 10.0.40219.1
Project("{9A19103F-16F7-4668-BE54-9A1E7A4F7556}") = "AppDistribuidorLucrosAPI", "AppDistribuidorLucrosAPI\AppDistribuidorLucrosAPI.csproj", "{D4F908FF-244A-4F95-8F2C-898BED499301}"
EndProject
Project("{FAE04EC0-301F-11D3-BF4B-00C04F79EFBC}") = "AppDistribuidorLucrosTeste", "AppDistribuidorLucrosTeste\AppDistribuidorLucrosTeste.csproj", "{D511DBAA-797D-4600-9FBD-DC21224F47EA}"
EndProject
Project("{FAE04EC0-301F-11D3-BF4B-00C04F79EFBC}") = "AppDistribuidorLucrosService", "AppDistribuidorLucrosService\AppDistribuidorLucrosService.csproj", "{0DAD72C8-4556-4B80-AAD1-3C894E45F352}"
EndProject
Project("{FAE04EC0-301F-11D3-BF4B-00C04F79EFBC}") = "AppDistribuidorLucrosEntidades", "AppDistribuidorLucrosEntidades\AppDistribuidorLucrosEntidades.csproj", "{4A79930D-139C-45BA-9920-9EA5F7BDA1E1}"
EndProject
Project("{FAE04EC0-301F-11D3-BF4B-00C04F79EFBC}") = "AppDistribuidorLucrosRepositorio", "AppDistribuidorLucrosRepositorio\AppDistribuidorLucrosRepositorio.csproj", "{974F9D19-B47F-4077-BF09-144A4DC62746}"
EndProject
Global
	GlobalSection(SolutionConfigurationPlatforms) = preSolution
		Debug|Any CPU = Debug|Any CPU
		Release|Any CPU = Release|Any CPU
	EndGlobalSection
	GlobalSection(ProjectConfigurationPlatforms) = postSolution
		{D4F908FF-244A-4F95-8F2C-898BED499301}.Debug|Any CPU.ActiveCfg = Debug|Any CPU
		{D4F908FF-244A-4F95-8F2C-898BED499301}.Debug|Any CPU.Build.0 = Debug|Any CPU
		{D4F908FF-244A-4F95-8F2C-898BED499301}.Release|Any CPU.ActiveCfg = Release|Any CPU
		{D4F908FF-244A-4F95-8F2C-898BED499301}.Release|Any CPU.Build.0 = Release|Any CPU
		{D511DBAA-797D-4600-9FBD-DC21224F47EA}.Debug|Any CPU.ActiveCfg = Debug|Any CPU
		{D511DBAA-797D-4600-9FBD-DC21224F47EA}.Debug|Any CPU.Build.0 = Debug|Any CPU
		{D511DBAA-797D-4600-9FBD-DC21224F47EA}.Release|Any CPU.ActiveCfg = Release|Any CPU
		{D511DBAA-797D-4600-9FBD-DC21224F47EA}.Release|Any CPU.Build.0 = Release|Any CPU
		{0DAD72C8-4556-4B80-AAD1-3C894E45F352}.Debug|Any CPU.ActiveCfg = Debug|Any CPU
		{0DAD72C8-4556-4B80-AAD1-3C894E45F352}.Debug|Any CPU.Build.0 = Debug|Any CPU
		{0DAD72C8-4556-4B80-AAD1-3C894E45F352}.Release|Any CPU.ActiveCfg = Release|Any CPU
		{0DAD72C8-4556-4B80-AAD1-3C894E45F352}.Release|Any CPU.Build.0 = Release|Any CPU
		{4A79930D-139C-45BA-9920-9EA5F7BDA1E1}.Debug|Any CPU.ActiveCfg = Debug|Any CPU
		{4A79930D-139C-45BA-9920-9EA5F7BDA1E1}.Debug|Any CPU.Build.0 = Debug|Any CPU
		{4A79930D-139C-45BA-9920-9EA5F7BDA1E1}.Release|Any CPU.ActiveCfg = Release|Any CPU
		{4A79930D-139C-45BA-9920-9EA5F7BDA1E1}.Release|Any CPU.Build.0 = Release|Any CPU
		{974F9D19-B47F-4077-BF09-144A4DC62746}.Debug|Any CPU.ActiveCfg = Debug|Any CPU
		{974F9D19-B47F-4077-BF09-144A4DC62746}.Debug|Any CPU.Build.0 = Debug|Any CPU
		{974F9D19-B47F-4077-BF09-144A4DC62746}.Release|Any CPU.ActiveCfg = Release|Any CPU
		{974F9D19-B47F-4077-BF09-144A4DC62746}.Release|Any CPU.Build.0 = Release|Any CPU
	EndGlobalSection
	GlobalSection(SolutionProperties) = preSolution
		HideSolutionNode = FALSE
	EndGlobalSection
	GlobalSection(ExtensibilityGlobals) = postSolution
		SolutionGuid = {7D506266-06C9-45C5-8FF3-B70D051D6C93}
	EndGlobalSection
EndGlobal
